
Microsoft Visual Studio Solution File, Format Version 12.00
# Visual Studio Version 17
VisualStudioVersion = 17.9.34622.214
MinimumVisualStudioVersion = 10.0.40219.1
Project("{9A19103F-16F7-4668-BE54-9A1E7A4F7556}") = "Game.Launcher.Console", "Game.Launcher.Console\Game.Launcher.Console.csproj", "{88BA7337-C5E6-4724-9A5C-F9F755238AF7}"
EndProject
Project("{9A19103F-16F7-4668-BE54-9A1E7A4F7556}") = "Game.Common", "Game.Common\Game.Common.csproj", "{2068022D-3F2C-454B-8863-BC70CC88DA08}"
EndProject
Project("{2150E333-8FDC-42A3-9474-1A3956D46DE8}") = "Solution Items", "Solution Items", "{7EBCC476-3C28-4AF3-9DCA-CC731AC1E279}"
	ProjectSection(SolutionItems) = preProject
		.gitignore = .gitignore
	EndProjectSection
EndProject
Project("{9A19103F-16F7-4668-BE54-9A1E7A4F7556}") = "Game.Functions", "Game.Functions\Game.Functions.csproj", "{AAC3B32D-0921-4D38-AD12-64E66B13EBFA}"
EndProject
Project("{9A19103F-16F7-4668-BE54-9A1E7A4F7556}") = "Game.Storage", "Game.Storage\Game.Storage.csproj", "{E6E2509E-C5D3-4637-8F65-7B9C89640932}"
EndProject
Project("{9A19103F-16F7-4668-BE54-9A1E7A4F7556}") = "Game.RuleBook", "Game.RuleBook\Game.RuleBook.csproj", "{61F5EAFD-2693-4B3B-A3CE-9DDCA5694E06}"
EndProject
Project("{9A19103F-16F7-4668-BE54-9A1E7A4F7556}") = "Game.AI.OpenAI", "Game.AI\Game.AI.OpenAI.csproj", "{4C01E881-0552-41BE-AA19-6F52DC574BD2}"
EndProject
Global
	GlobalSection(SolutionConfigurationPlatforms) = preSolution
		Debug|Any CPU = Debug|Any CPU
		Release|Any CPU = Release|Any CPU
	EndGlobalSection
	GlobalSection(ProjectConfigurationPlatforms) = postSolution
		{88BA7337-C5E6-4724-9A5C-F9F755238AF7}.Debug|Any CPU.ActiveCfg = Debug|Any CPU
		{88BA7337-C5E6-4724-9A5C-F9F755238AF7}.Debug|Any CPU.Build.0 = Debug|Any CPU
		{88BA7337-C5E6-4724-9A5C-F9F755238AF7}.Release|Any CPU.ActiveCfg = Release|Any CPU
		{88BA7337-C5E6-4724-9A5C-F9F755238AF7}.Release|Any CPU.Build.0 = Release|Any CPU
		{2068022D-3F2C-454B-8863-BC70CC88DA08}.Debug|Any CPU.ActiveCfg = Debug|Any CPU
		{2068022D-3F2C-454B-8863-BC70CC88DA08}.Debug|Any CPU.Build.0 = Debug|Any CPU
		{2068022D-3F2C-454B-8863-BC70CC88DA08}.Release|Any CPU.ActiveCfg = Release|Any CPU
		{2068022D-3F2C-454B-8863-BC70CC88DA08}.Release|Any CPU.Build.0 = Release|Any CPU
		{AAC3B32D-0921-4D38-AD12-64E66B13EBFA}.Debug|Any CPU.ActiveCfg = Debug|Any CPU
		{AAC3B32D-0921-4D38-AD12-64E66B13EBFA}.Debug|Any CPU.Build.0 = Debug|Any CPU
		{AAC3B32D-0921-4D38-AD12-64E66B13EBFA}.Release|Any CPU.ActiveCfg = Release|Any CPU
		{AAC3B32D-0921-4D38-AD12-64E66B13EBFA}.Release|Any CPU.Build.0 = Release|Any CPU
		{E6E2509E-C5D3-4637-8F65-7B9C89640932}.Debug|Any CPU.ActiveCfg = Debug|Any CPU
		{E6E2509E-C5D3-4637-8F65-7B9C89640932}.Debug|Any CPU.Build.0 = Debug|Any CPU
		{E6E2509E-C5D3-4637-8F65-7B9C89640932}.Release|Any CPU.ActiveCfg = Release|Any CPU
		{E6E2509E-C5D3-4637-8F65-7B9C89640932}.Release|Any CPU.Build.0 = Release|Any CPU
		{61F5EAFD-2693-4B3B-A3CE-9DDCA5694E06}.Debug|Any CPU.ActiveCfg = Debug|Any CPU
		{61F5EAFD-2693-4B3B-A3CE-9DDCA5694E06}.Debug|Any CPU.Build.0 = Debug|Any CPU
		{61F5EAFD-2693-4B3B-A3CE-9DDCA5694E06}.Release|Any CPU.ActiveCfg = Release|Any CPU
		{61F5EAFD-2693-4B3B-A3CE-9DDCA5694E06}.Release|Any CPU.Build.0 = Release|Any CPU
		{4C01E881-0552-41BE-AA19-6F52DC574BD2}.Debug|Any CPU.ActiveCfg = Debug|Any CPU
		{4C01E881-0552-41BE-AA19-6F52DC574BD2}.Debug|Any CPU.Build.0 = Debug|Any CPU
		{4C01E881-0552-41BE-AA19-6F52DC574BD2}.Release|Any CPU.ActiveCfg = Release|Any CPU
		{4C01E881-0552-41BE-AA19-6F52DC574BD2}.Release|Any CPU.Build.0 = Release|Any CPU
	EndGlobalSection
	GlobalSection(SolutionProperties) = preSolution
		HideSolutionNode = FALSE
	EndGlobalSection
	GlobalSection(ExtensibilityGlobals) = postSolution
		SolutionGuid = {BA96A2B9-005B-4947-9F3E-70C6ACD84BAB}
	EndGlobalSection
EndGlobal
